# This file is autogenerated, do not edit; changes may be undone by the next 'dep ensure'.


[[projects]]
  branch = "master"
  name = "github.com/anmitsu/go-shlex"
  packages = ["."]
  revision = "648efa622239a2f6ff949fed78ee37b48d499ba4"

[[projects]]
  name = "github.com/gliderlabs/ssh"
  packages = ["."]
  revision = "f3131153bc4db6b584b40a18491d9e78cdcba314"
  version = "v0.1.0"

[[projects]]
  branch = "master"
  name = "golang.org/x/crypto"
  packages = [
    "curve25519",
    "ed25519",
    "ed25519/internal/edwards25519",
    "internal/chacha20",
    "poly1305",
    "ssh"
  ]
  revision = "8b1d31080a7692e075c4681cb2458454a1fe0706"

[solve-meta]
  analyzer-name = "dep"
  analyzer-version = 1
  inputs-digest = "edda044c747f92b2c3a67b1165589911e327575d78f401ceadb4d0573ea06906"
  solver-name = "gps-cdcl"
  solver-version = 1
