# This file is autogenerated, do not edit; changes may be undone by the next 'dep ensure'.


[[projects]]
  branch = "master"
  name = "github.com/anmitsu/go-shlex"
  packages = ["."]
  revision = "648efa622239a2f6ff949fed78ee37b48d499ba4"

[[projects]]
  name = "github.com/gliderlabs/ssh"
  packages = ["."]
  revision = "8c1707734eaa00a4c129cba17af6bae4e27de117"

[[projects]]
  branch = "master"
  name = "golang.org/x/crypto"
  packages = [
    "curve25519",
    "ed25519",
    "ed25519/internal/edwards25519",
    "internal/chacha20",
    "poly1305",
    "ssh"
  ]
  revision = "8b1d31080a7692e075c4681cb2458454a1fe0706"

[solve-meta]
  analyzer-name = "dep"
  analyzer-version = 1
  inputs-digest = "bcb33d28df5423a7c0bde1cbf62a73f4cf58dbca71d362f6fe165b1b6b08f038"
  solver-name = "gps-cdcl"
  solver-version = 1
