# This file is autogenerated, do not edit; changes may be undone by the next 'dep ensure'.


[[projects]]
  branch = "master"
  name = "github.com/ahmetb/go-cursor"
  packages = ["."]
  revision = "8136607ea412c5ae8b684cf60ae91f9b4127cae2"

[[projects]]
  branch = "master"
  name = "github.com/anmitsu/go-shlex"
  packages = ["."]
  revision = "648efa622239a2f6ff949fed78ee37b48d499ba4"

[[projects]]
  name = "github.com/gliderlabs/ssh"
  packages = ["."]
  revision = "8c1707734eaa00a4c129cba17af6bae4e27de117"

[[projects]]
  name = "github.com/mattn/go-colorable"
  packages = ["."]
  revision = "167de6bfdfba052fa6b2d3664c8f5272e23c9072"
  version = "v0.0.9"

[[projects]]
  name = "github.com/mattn/go-isatty"
  packages = ["."]
  revision = "0360b2af4f38e8d38c7fce2a9f4e702702d73a39"
  version = "v0.0.3"

[[projects]]
  branch = "master"
  name = "github.com/mgutz/ansi"
  packages = ["."]
  revision = "9520e82c474b0a04dd04f8a40959027271bab992"

[[projects]]
  branch = "master"
  name = "golang.org/x/crypto"
  packages = [
    "curve25519",
    "ed25519",
    "ed25519/internal/edwards25519",
    "internal/chacha20",
    "poly1305",
    "ssh"
  ]
  revision = "8b1d31080a7692e075c4681cb2458454a1fe0706"

[[projects]]
  branch = "master"
  name = "golang.org/x/sys"
  packages = ["unix"]
  revision = "78d5f264b493f125018180c204871ecf58a2dce1"

[solve-meta]
  analyzer-name = "dep"
  analyzer-version = 1
  inputs-digest = "9f0c765002299edbae11fa2cc268d3fa0ca91dcbf17f845643d77ca6d3631d58"
  solver-name = "gps-cdcl"
  solver-version = 1
